// !$*UTF8*$!
{
	archiveVersion = 1;
	classes = {
	};
	objectVersion = 46;
	objects = {

/* Begin PBXBuildFile section */
		486449BC1CEE5566007DC46C /* AppDelegate.swift in Sources */ = {isa = PBXBuildFile; fileRef = 486449BB1CEE5566007DC46C /* AppDelegate.swift */; };
		486449BE1CEE5566007DC46C /* ViewController.swift in Sources */ = {isa = PBXBuildFile; fileRef = 486449BD1CEE5566007DC46C /* ViewController.swift */; };
		486449C11CEE5566007DC46C /* Main.storyboard in Resources */ = {isa = PBXBuildFile; fileRef = 486449BF1CEE5566007DC46C /* Main.storyboard */; };
		486449C31CEE5566007DC46C /* Assets.xcassets in Resources */ = {isa = PBXBuildFile; fileRef = 486449C21CEE5566007DC46C /* Assets.xcassets */; };
		486449C61CEE5566007DC46C /* LaunchScreen.storyboard in Resources */ = {isa = PBXBuildFile; fileRef = 486449C41CEE5566007DC46C /* LaunchScreen.storyboard */; };
		486449D11CEE5566007DC46C /* FacebookTests.swift in Sources */ = {isa = PBXBuildFile; fileRef = 486449D01CEE5566007DC46C /* FacebookTests.swift */; };
		486449DC1CEE5566007DC46C /* FacebookUITests.swift in Sources */ = {isa = PBXBuildFile; fileRef = 486449DB1CEE5566007DC46C /* FacebookUITests.swift */; };
		486449EC1CEE58EC007DC46C /* NewsFeedViewController.swift in Sources */ = {isa = PBXBuildFile; fileRef = 486449EB1CEE58EC007DC46C /* NewsFeedViewController.swift */; };
		486449EE1CEE5A35007DC46C /* RequestsViewController.swift in Sources */ = {isa = PBXBuildFile; fileRef = 486449ED1CEE5A35007DC46C /* RequestsViewController.swift */; };
		486449F01CEE5AEC007DC46C /* MessagesViewController.swift in Sources */ = {isa = PBXBuildFile; fileRef = 486449EF1CEE5AEC007DC46C /* MessagesViewController.swift */; };
		486449F21CEE5B4C007DC46C /* NotificationsViewController.swift in Sources */ = {isa = PBXBuildFile; fileRef = 486449F11CEE5B4C007DC46C /* NotificationsViewController.swift */; };
		486449F41CEE5B97007DC46C /* MoreViewController.swift in Sources */ = {isa = PBXBuildFile; fileRef = 486449F31CEE5B97007DC46C /* MoreViewController.swift */; };
		486449F61CEE5E4A007DC46C /* ThrillistViewController.swift in Sources */ = {isa = PBXBuildFile; fileRef = 486449F51CEE5E4A007DC46C /* ThrillistViewController.swift */; };
		486449F81CEE62C6007DC46C /* StatusViewController.swift in Sources */ = {isa = PBXBuildFile; fileRef = 486449F71CEE62C6007DC46C /* StatusViewController.swift */; };
		486449FA1CEE62D3007DC46C /* PhotoViewController.swift in Sources */ = {isa = PBXBuildFile; fileRef = 486449F91CEE62D3007DC46C /* PhotoViewController.swift */; };
		486449FC1CEE62D9007DC46C /* CheckinViewController.swift in Sources */ = {isa = PBXBuildFile; fileRef = 486449FB1CEE62D9007DC46C /* CheckinViewController.swift */; };
		7C06283E1D175D200074E6C0 /* BaseTransition.swift in Sources */ = {isa = PBXBuildFile; fileRef = 7C06283C1D175D200074E6C0 /* BaseTransition.swift */; };
		7C06283F1D175D200074E6C0 /* FadeTransition.swift in Sources */ = {isa = PBXBuildFile; fileRef = 7C06283D1D175D200074E6C0 /* FadeTransition.swift */; };
		7C0628411D17CF6C0074E6C0 /* PhotoTransition.swift in Sources */ = {isa = PBXBuildFile; fileRef = 7C0628401D17CF6C0074E6C0 /* PhotoTransition.swift */; };
		7C36CF221CF7915900C51FB8 /* Common.swift in Sources */ = {isa = PBXBuildFile; fileRef = 7C36CF211CF7915900C51FB8 /* Common.swift */; };
		7C36CF241CF791ED00C51FB8 /* LoginViewController.swift in Sources */ = {isa = PBXBuildFile; fileRef = 7C36CF231CF791ED00C51FB8 /* LoginViewController.swift */; };
		7C3E258D1D13D06900EEB0E2 /* FeedViewController.swift in Sources */ = {isa = PBXBuildFile; fileRef = 7C3E258C1D13D06900EEB0E2 /* FeedViewController.swift */; };
		7C3E25911D13DF2800EEB0E2 /* CameraRollViewController.swift in Sources */ = {isa = PBXBuildFile; fileRef = 7C3E25901D13DF2800EEB0E2 /* CameraRollViewController.swift */; };
/* End PBXBuildFile section */

/* Begin PBXContainerItemProxy section */
		486449CD1CEE5566007DC46C /* PBXContainerItemProxy */ = {
			isa = PBXContainerItemProxy;
			containerPortal = 486449B01CEE5566007DC46C /* Project object */;
			proxyType = 1;
			remoteGlobalIDString = 486449B71CEE5566007DC46C;
			remoteInfo = Facebook;
		};
		486449D81CEE5566007DC46C /* PBXContainerItemProxy */ = {
			isa = PBXContainerItemProxy;
			containerPortal = 486449B01CEE5566007DC46C /* Project object */;
			proxyType = 1;
			remoteGlobalIDString = 486449B71CEE5566007DC46C;
			remoteInfo = Facebook;
		};
/* End PBXContainerItemProxy section */

/* Begin PBXFileReference section */
		486449B81CEE5566007DC46C /* ProtoFacebook.app */ = {isa = PBXFileReference; explicitFileType = wrapper.application; includeInIndex = 0; path = ProtoFacebook.app; sourceTree = BUILT_PRODUCTS_DIR; };
		486449BB1CEE5566007DC46C /* AppDelegate.swift */ = {isa = PBXFileReference; lastKnownFileType = sourcecode.swift; path = AppDelegate.swift; sourceTree = "<group>"; };
		486449BD1CEE5566007DC46C /* ViewController.swift */ = {isa = PBXFileReference; lastKnownFileType = sourcecode.swift; path = ViewController.swift; sourceTree = "<group>"; };
		486449C01CEE5566007DC46C /* Base */ = {isa = PBXFileReference; lastKnownFileType = file.storyboard; name = Base; path = Base.lproj/Main.storyboard; sourceTree = "<group>"; };
		486449C21CEE5566007DC46C /* Assets.xcassets */ = {isa = PBXFileReference; lastKnownFileType = folder.assetcatalog; path = Assets.xcassets; sourceTree = "<group>"; };
		486449C51CEE5566007DC46C /* Base */ = {isa = PBXFileReference; lastKnownFileType = file.storyboard; name = Base; path = Base.lproj/LaunchScreen.storyboard; sourceTree = "<group>"; };
		486449C71CEE5566007DC46C /* Info.plist */ = {isa = PBXFileReference; lastKnownFileType = text.plist.xml; path = Info.plist; sourceTree = "<group>"; };
		486449CC1CEE5566007DC46C /* ProtoFacebook.xctest */ = {isa = PBXFileReference; explicitFileType = wrapper.cfbundle; includeInIndex = 0; path = ProtoFacebook.xctest; sourceTree = BUILT_PRODUCTS_DIR; };
		486449D01CEE5566007DC46C /* FacebookTests.swift */ = {isa = PBXFileReference; lastKnownFileType = sourcecode.swift; path = FacebookTests.swift; sourceTree = "<group>"; };
		486449D21CEE5566007DC46C /* Info.plist */ = {isa = PBXFileReference; lastKnownFileType = text.plist.xml; path = Info.plist; sourceTree = "<group>"; };
		486449D71CEE5566007DC46C /* ProtoFacebook.xctest */ = {isa = PBXFileReference; explicitFileType = wrapper.cfbundle; includeInIndex = 0; path = ProtoFacebook.xctest; sourceTree = BUILT_PRODUCTS_DIR; };
		486449DB1CEE5566007DC46C /* FacebookUITests.swift */ = {isa = PBXFileReference; lastKnownFileType = sourcecode.swift; path = FacebookUITests.swift; sourceTree = "<group>"; };
		486449DD1CEE5566007DC46C /* Info.plist */ = {isa = PBXFileReference; lastKnownFileType = text.plist.xml; path = Info.plist; sourceTree = "<group>"; };
		486449EB1CEE58EC007DC46C /* NewsFeedViewController.swift */ = {isa = PBXFileReference; fileEncoding = 4; lastKnownFileType = sourcecode.swift; path = NewsFeedViewController.swift; sourceTree = "<group>"; };
		486449ED1CEE5A35007DC46C /* RequestsViewController.swift */ = {isa = PBXFileReference; fileEncoding = 4; lastKnownFileType = sourcecode.swift; path = RequestsViewController.swift; sourceTree = "<group>"; };
		486449EF1CEE5AEC007DC46C /* MessagesViewController.swift */ = {isa = PBXFileReference; fileEncoding = 4; lastKnownFileType = sourcecode.swift; path = MessagesViewController.swift; sourceTree = "<group>"; };
		486449F11CEE5B4C007DC46C /* NotificationsViewController.swift */ = {isa = PBXFileReference; fileEncoding = 4; lastKnownFileType = sourcecode.swift; path = NotificationsViewController.swift; sourceTree = "<group>"; };
		486449F31CEE5B97007DC46C /* MoreViewController.swift */ = {isa = PBXFileReference; fileEncoding = 4; lastKnownFileType = sourcecode.swift; path = MoreViewController.swift; sourceTree = "<group>"; };
		486449F51CEE5E4A007DC46C /* ThrillistViewController.swift */ = {isa = PBXFileReference; fileEncoding = 4; lastKnownFileType = sourcecode.swift; path = ThrillistViewController.swift; sourceTree = "<group>"; };
		486449F71CEE62C6007DC46C /* StatusViewController.swift */ = {isa = PBXFileReference; fileEncoding = 4; lastKnownFileType = sourcecode.swift; name = StatusViewController.swift; path = ../StatusViewController.swift; sourceTree = "<group>"; };
		486449F91CEE62D3007DC46C /* PhotoViewController.swift */ = {isa = PBXFileReference; fileEncoding = 4; lastKnownFileType = sourcecode.swift; name = PhotoViewController.swift; path = ../PhotoViewController.swift; sourceTree = "<group>"; };
		486449FB1CEE62D9007DC46C /* CheckinViewController.swift */ = {isa = PBXFileReference; fileEncoding = 4; lastKnownFileType = sourcecode.swift; name = CheckinViewController.swift; path = ../CheckinViewController.swift; sourceTree = "<group>"; };
		7C06283C1D175D200074E6C0 /* BaseTransition.swift */ = {isa = PBXFileReference; fileEncoding = 4; lastKnownFileType = sourcecode.swift; path = BaseTransition.swift; sourceTree = "<group>"; };
		7C06283D1D175D200074E6C0 /* FadeTransition.swift */ = {isa = PBXFileReference; fileEncoding = 4; lastKnownFileType = sourcecode.swift; path = FadeTransition.swift; sourceTree = "<group>"; };
		7C0628401D17CF6C0074E6C0 /* PhotoTransition.swift */ = {isa = PBXFileReference; fileEncoding = 4; lastKnownFileType = sourcecode.swift; path = PhotoTransition.swift; sourceTree = "<group>"; };
		7C36CF211CF7915900C51FB8 /* Common.swift */ = {isa = PBXFileReference; fileEncoding = 4; lastKnownFileType = sourcecode.swift; path = Common.swift; sourceTree = "<group>"; };
		7C36CF231CF791ED00C51FB8 /* LoginViewController.swift */ = {isa = PBXFileReference; fileEncoding = 4; lastKnownFileType = sourcecode.swift; path = LoginViewController.swift; sourceTree = "<group>"; };
		7C3E258C1D13D06900EEB0E2 /* FeedViewController.swift */ = {isa = PBXFileReference; fileEncoding = 4; lastKnownFileType = sourcecode.swift; path = FeedViewController.swift; sourceTree = "<group>"; };
		7C3E25901D13DF2800EEB0E2 /* CameraRollViewController.swift */ = {isa = PBXFileReference; fileEncoding = 4; lastKnownFileType = sourcecode.swift; path = CameraRollViewController.swift; sourceTree = "<group>"; };
/* End PBXFileReference section */

/* Begin PBXFrameworksBuildPhase section */
		486449B51CEE5566007DC46C /* Frameworks */ = {
			isa = PBXFrameworksBuildPhase;
			buildActionMask = 2147483647;
			files = (
			);
			runOnlyForDeploymentPostprocessing = 0;
		};
		486449C91CEE5566007DC46C /* Frameworks */ = {
			isa = PBXFrameworksBuildPhase;
			buildActionMask = 2147483647;
			files = (
			);
			runOnlyForDeploymentPostprocessing = 0;
		};
		486449D41CEE5566007DC46C /* Frameworks */ = {
			isa = PBXFrameworksBuildPhase;
			buildActionMask = 2147483647;
			files = (
			);
			runOnlyForDeploymentPostprocessing = 0;
		};
/* End PBXFrameworksBuildPhase section */

/* Begin PBXGroup section */
		486449AF1CEE5566007DC46C = {
			isa = PBXGroup;
			children = (
				486449BA1CEE5566007DC46C /* Facebook */,
				486449CF1CEE5566007DC46C /* FacebookTests */,
				486449DA1CEE5566007DC46C /* FacebookUITests */,
				486449B91CEE5566007DC46C /* Products */,
			);
			sourceTree = "<group>";
		};
		486449B91CEE5566007DC46C /* Products */ = {
			isa = PBXGroup;
			children = (
				486449B81CEE5566007DC46C /* ProtoFacebook.app */,
				486449CC1CEE5566007DC46C /* ProtoFacebook.xctest */,
				486449D71CEE5566007DC46C /* ProtoFacebook.xctest */,
			);
			name = Products;
			sourceTree = "<group>";
		};
		486449BA1CEE5566007DC46C /* Facebook */ = {
			isa = PBXGroup;
			children = (
				7C06283C1D175D200074E6C0 /* BaseTransition.swift */,
				7C0628401D17CF6C0074E6C0 /* PhotoTransition.swift */,
				7C06283D1D175D200074E6C0 /* FadeTransition.swift */,
				7C36CF211CF7915900C51FB8 /* Common.swift */,
				486449F71CEE62C6007DC46C /* StatusViewController.swift */,
				486449F91CEE62D3007DC46C /* PhotoViewController.swift */,
				486449FB1CEE62D9007DC46C /* CheckinViewController.swift */,
				486449BB1CEE5566007DC46C /* AppDelegate.swift */,
				486449BD1CEE5566007DC46C /* ViewController.swift */,
				486449BF1CEE5566007DC46C /* Main.storyboard */,
				7C3E25901D13DF2800EEB0E2 /* CameraRollViewController.swift */,
				7C3E258C1D13D06900EEB0E2 /* FeedViewController.swift */,
				7C36CF231CF791ED00C51FB8 /* LoginViewController.swift */,
				486449F51CEE5E4A007DC46C /* ThrillistViewController.swift */,
				486449F31CEE5B97007DC46C /* MoreViewController.swift */,
				486449F11CEE5B4C007DC46C /* NotificationsViewController.swift */,
				486449EF1CEE5AEC007DC46C /* MessagesViewController.swift */,
				486449ED1CEE5A35007DC46C /* RequestsViewController.swift */,
				486449EB1CEE58EC007DC46C /* NewsFeedViewController.swift */,
				486449C21CEE5566007DC46C /* Assets.xcassets */,
				486449C41CEE5566007DC46C /* LaunchScreen.storyboard */,
				486449C71CEE5566007DC46C /* Info.plist */,
			);
			path = Facebook;
			sourceTree = "<group>";
		};
		486449CF1CEE5566007DC46C /* FacebookTests */ = {
			isa = PBXGroup;
			children = (
				486449D01CEE5566007DC46C /* FacebookTests.swift */,
				486449D21CEE5566007DC46C /* Info.plist */,
			);
			path = FacebookTests;
			sourceTree = "<group>";
		};
		486449DA1CEE5566007DC46C /* FacebookUITests */ = {
			isa = PBXGroup;
			children = (
				486449DB1CEE5566007DC46C /* FacebookUITests.swift */,
				486449DD1CEE5566007DC46C /* Info.plist */,
			);
			path = FacebookUITests;
			sourceTree = "<group>";
		};
/* End PBXGroup section */

/* Begin PBXNativeTarget section */
		486449B71CEE5566007DC46C /* ProtoFacebook */ = {
			isa = PBXNativeTarget;
			buildConfigurationList = 486449E01CEE5566007DC46C /* Build configuration list for PBXNativeTarget "ProtoFacebook" */;
			buildPhases = (
				486449B41CEE5566007DC46C /* Sources */,
				486449B51CEE5566007DC46C /* Frameworks */,
				486449B61CEE5566007DC46C /* Resources */,
			);
			buildRules = (
			);
			dependencies = (
			);
			name = ProtoFacebook;
			productName = Facebook;
			productReference = 486449B81CEE5566007DC46C /* ProtoFacebook.app */;
			productType = "com.apple.product-type.application";
		};
		486449CB1CEE5566007DC46C /* ProtoFacebookTests */ = {
			isa = PBXNativeTarget;
			buildConfigurationList = 486449E31CEE5566007DC46C /* Build configuration list for PBXNativeTarget "ProtoFacebookTests" */;
			buildPhases = (
				486449C81CEE5566007DC46C /* Sources */,
				486449C91CEE5566007DC46C /* Frameworks */,
				486449CA1CEE5566007DC46C /* Resources */,
			);
			buildRules = (
			);
			dependencies = (
				486449CE1CEE5566007DC46C /* PBXTargetDependency */,
			);
			name = ProtoFacebookTests;
			productName = FacebookTests;
			productReference = 486449CC1CEE5566007DC46C /* ProtoFacebook.xctest */;
			productType = "com.apple.product-type.bundle.unit-test";
		};
		486449D61CEE5566007DC46C /* ProtoFacebookUITests */ = {
			isa = PBXNativeTarget;
			buildConfigurationList = 486449E61CEE5566007DC46C /* Build configuration list for PBXNativeTarget "ProtoFacebookUITests" */;
			buildPhases = (
				486449D31CEE5566007DC46C /* Sources */,
				486449D41CEE5566007DC46C /* Frameworks */,
				486449D51CEE5566007DC46C /* Resources */,
			);
			buildRules = (
			);
			dependencies = (
				486449D91CEE5566007DC46C /* PBXTargetDependency */,
			);
			name = ProtoFacebookUITests;
			productName = FacebookUITests;
			productReference = 486449D71CEE5566007DC46C /* ProtoFacebook.xctest */;
			productType = "com.apple.product-type.bundle.ui-testing";
		};
/* End PBXNativeTarget section */

/* Begin PBXProject section */
		486449B01CEE5566007DC46C /* Project object */ = {
			isa = PBXProject;
			attributes = {
				LastSwiftUpdateCheck = 0730;
				LastUpgradeCheck = 0730;
				ORGANIZATIONNAME = "Jeremy Friedland";
				TargetAttributes = {
					486449B71CEE5566007DC46C = {
						CreatedOnToolsVersion = 7.3;
					};
					486449CB1CEE5566007DC46C = {
						CreatedOnToolsVersion = 7.3;
						TestTargetID = 486449B71CEE5566007DC46C;
					};
					486449D61CEE5566007DC46C = {
						CreatedOnToolsVersion = 7.3;
						TestTargetID = 486449B71CEE5566007DC46C;
					};
				};
			};
			buildConfigurationList = 486449B31CEE5566007DC46C /* Build configuration list for PBXProject "ProtoFacebook" */;
			compatibilityVersion = "Xcode 3.2";
			developmentRegion = English;
			hasScannedForEncodings = 0;
			knownRegions = (
				en,
				Base,
			);
			mainGroup = 486449AF1CEE5566007DC46C;
			productRefGroup = 486449B91CEE5566007DC46C /* Products */;
			projectDirPath = "";
			projectRoot = "";
			targets = (
				486449B71CEE5566007DC46C /* ProtoFacebook */,
				486449CB1CEE5566007DC46C /* ProtoFacebookTests */,
				486449D61CEE5566007DC46C /* ProtoFacebookUITests */,
			);
		};
/* End PBXProject section */

/* Begin PBXResourcesBuildPhase section */
		486449B61CEE5566007DC46C /* Resources */ = {
			isa = PBXResourcesBuildPhase;
			buildActionMask = 2147483647;
			files = (
				486449C61CEE5566007DC46C /* LaunchScreen.storyboard in Resources */,
				486449C31CEE5566007DC46C /* Assets.xcassets in Resources */,
				486449C11CEE5566007DC46C /* Main.storyboard in Resources */,
			);
			runOnlyForDeploymentPostprocessing = 0;
		};
		486449CA1CEE5566007DC46C /* Resources */ = {
			isa = PBXResourcesBuildPhase;
			buildActionMask = 2147483647;
			files = (
			);
			runOnlyForDeploymentPostprocessing = 0;
		};
		486449D51CEE5566007DC46C /* Resources */ = {
			isa = PBXResourcesBuildPhase;
			buildActionMask = 2147483647;
			files = (
			);
			runOnlyForDeploymentPostprocessing = 0;
		};
/* End PBXResourcesBuildPhase section */

/* Begin PBXSourcesBuildPhase section */
		486449B41CEE5566007DC46C /* Sources */ = {
			isa = PBXSourcesBuildPhase;
			buildActionMask = 2147483647;
			files = (
				486449F41CEE5B97007DC46C /* MoreViewController.swift in Sources */,
				486449F01CEE5AEC007DC46C /* MessagesViewController.swift in Sources */,
				486449BE1CEE5566007DC46C /* ViewController.swift in Sources */,
				486449BC1CEE5566007DC46C /* AppDelegate.swift in Sources */,
				7C36CF221CF7915900C51FB8 /* Common.swift in Sources */,
				7C06283E1D175D200074E6C0 /* BaseTransition.swift in Sources */,
				486449F21CEE5B4C007DC46C /* NotificationsViewController.swift in Sources */,
				7C3E258D1D13D06900EEB0E2 /* FeedViewController.swift in Sources */,
				486449EE1CEE5A35007DC46C /* RequestsViewController.swift in Sources */,
				7C06283F1D175D200074E6C0 /* FadeTransition.swift in Sources */,
				486449F61CEE5E4A007DC46C /* ThrillistViewController.swift in Sources */,
				7C3E25911D13DF2800EEB0E2 /* CameraRollViewController.swift in Sources */,
				486449F81CEE62C6007DC46C /* StatusViewController.swift in Sources */,
				486449FC1CEE62D9007DC46C /* CheckinViewController.swift in Sources */,
				486449EC1CEE58EC007DC46C /* NewsFeedViewController.swift in Sources */,
				7C36CF241CF791ED00C51FB8 /* LoginViewController.swift in Sources */,
				486449FA1CEE62D3007DC46C /* PhotoViewController.swift in Sources */,
				7C0628411D17CF6C0074E6C0 /* PhotoTransition.swift in Sources */,
			);
			runOnlyForDeploymentPostprocessing = 0;
		};
		486449C81CEE5566007DC46C /* Sources */ = {
			isa = PBXSourcesBuildPhase;
			buildActionMask = 2147483647;
			files = (
				486449D11CEE5566007DC46C /* FacebookTests.swift in Sources */,
			);
			runOnlyForDeploymentPostprocessing = 0;
		};
		486449D31CEE5566007DC46C /* Sources */ = {
			isa = PBXSourcesBuildPhase;
			buildActionMask = 2147483647;
			files = (
				486449DC1CEE5566007DC46C /* FacebookUITests.swift in Sources */,
			);
			runOnlyForDeploymentPostprocessing = 0;
		};
/* End PBXSourcesBuildPhase section */

/* Begin PBXTargetDependency section */
		486449CE1CEE5566007DC46C /* PBXTargetDependency */ = {
			isa = PBXTargetDependency;
			target = 486449B71CEE5566007DC46C /* ProtoFacebook */;
			targetProxy = 486449CD1CEE5566007DC46C /* PBXContainerItemProxy */;
		};
		486449D91CEE5566007DC46C /* PBXTargetDependency */ = {
			isa = PBXTargetDependency;
			target = 486449B71CEE5566007DC46C /* ProtoFacebook */;
			targetProxy = 486449D81CEE5566007DC46C /* PBXContainerItemProxy */;
		};
/* End PBXTargetDependency section */

/* Begin PBXVariantGroup section */
		486449BF1CEE5566007DC46C /* Main.storyboard */ = {
			isa = PBXVariantGroup;
			children = (
				486449C01CEE5566007DC46C /* Base */,
			);
			name = Main.storyboard;
			sourceTree = "<group>";
		};
		486449C41CEE5566007DC46C /* LaunchScreen.storyboard */ = {
			isa = PBXVariantGroup;
			children = (
				486449C51CEE5566007DC46C /* Base */,
			);
			name = LaunchScreen.storyboard;
			sourceTree = "<group>";
		};
/* End PBXVariantGroup section */

/* Begin XCBuildConfiguration section */
		486449DE1CEE5566007DC46C /* Debug */ = {
			isa = XCBuildConfiguration;
			buildSettings = {
				ALWAYS_SEARCH_USER_PATHS = NO;
				CLANG_ANALYZER_NONNULL = YES;
				CLANG_CXX_LANGUAGE_STANDARD = "gnu++0x";
				CLANG_CXX_LIBRARY = "libc++";
				CLANG_ENABLE_MODULES = YES;
				CLANG_ENABLE_OBJC_ARC = YES;
				CLANG_WARN_BOOL_CONVERSION = YES;
				CLANG_WARN_CONSTANT_CONVERSION = YES;
				CLANG_WARN_DIRECT_OBJC_ISA_USAGE = YES_ERROR;
				CLANG_WARN_EMPTY_BODY = YES;
				CLANG_WARN_ENUM_CONVERSION = YES;
				CLANG_WARN_INT_CONVERSION = YES;
				CLANG_WARN_OBJC_ROOT_CLASS = YES_ERROR;
				CLANG_WARN_UNREACHABLE_CODE = YES;
				CLANG_WARN__DUPLICATE_METHOD_MATCH = YES;
				"CODE_SIGN_IDENTITY[sdk=iphoneos*]" = "iPhone Developer";
				COPY_PHASE_STRIP = NO;
				DEBUG_INFORMATION_FORMAT = dwarf;
				ENABLE_STRICT_OBJC_MSGSEND = YES;
				ENABLE_TESTABILITY = YES;
				GCC_C_LANGUAGE_STANDARD = gnu99;
				GCC_DYNAMIC_NO_PIC = NO;
				GCC_NO_COMMON_BLOCKS = YES;
				GCC_OPTIMIZATION_LEVEL = 0;
				GCC_PREPROCESSOR_DEFINITIONS = (
					"DEBUG=1",
					"$(inherited)",
				);
				GCC_WARN_64_TO_32_BIT_CONVERSION = YES;
				GCC_WARN_ABOUT_RETURN_TYPE = YES_ERROR;
				GCC_WARN_UNDECLARED_SELECTOR = YES;
				GCC_WARN_UNINITIALIZED_AUTOS = YES_AGGRESSIVE;
				GCC_WARN_UNUSED_FUNCTION = YES;
				GCC_WARN_UNUSED_VARIABLE = YES;
				IPHONEOS_DEPLOYMENT_TARGET = 9.3;
				MTL_ENABLE_DEBUG_INFO = YES;
				ONLY_ACTIVE_ARCH = YES;
				SDKROOT = iphoneos;
				SWIFT_OPTIMIZATION_LEVEL = "-Onone";
				TARGETED_DEVICE_FAMILY = "1,2";
			};
			name = Debug;
		};
		486449DF1CEE5566007DC46C /* Release */ = {
			isa = XCBuildConfiguration;
			buildSettings = {
				ALWAYS_SEARCH_USER_PATHS = NO;
				CLANG_ANALYZER_NONNULL = YES;
				CLANG_CXX_LANGUAGE_STANDARD = "gnu++0x";
				CLANG_CXX_LIBRARY = "libc++";
				CLANG_ENABLE_MODULES = YES;
				CLANG_ENABLE_OBJC_ARC = YES;
				CLANG_WARN_BOOL_CONVERSION = YES;
				CLANG_WARN_CONSTANT_CONVERSION = YES;
				CLANG_WARN_DIRECT_OBJC_ISA_USAGE = YES_ERROR;
				CLANG_WARN_EMPTY_BODY = YES;
				CLANG_WARN_ENUM_CONVERSION = YES;
				CLANG_WARN_INT_CONVERSION = YES;
				CLANG_WARN_OBJC_ROOT_CLASS = YES_ERROR;
				CLANG_WARN_UNREACHABLE_CODE = YES;
				CLANG_WARN__DUPLICATE_METHOD_MATCH = YES;
				"CODE_SIGN_IDENTITY[sdk=iphoneos*]" = "iPhone Developer";
				COPY_PHASE_STRIP = NO;
				DEBUG_INFORMATION_FORMAT = "dwarf-with-dsym";
				ENABLE_NS_ASSERTIONS = NO;
				ENABLE_STRICT_OBJC_MSGSEND = YES;
				GCC_C_LANGUAGE_STANDARD = gnu99;
				GCC_NO_COMMON_BLOCKS = YES;
				GCC_WARN_64_TO_32_BIT_CONVERSION = YES;
				GCC_WARN_ABOUT_RETURN_TYPE = YES_ERROR;
				GCC_WARN_UNDECLARED_SELECTOR = YES;
				GCC_WARN_UNINITIALIZED_AUTOS = YES_AGGRESSIVE;
				GCC_WARN_UNUSED_FUNCTION = YES;
				GCC_WARN_UNUSED_VARIABLE = YES;
				IPHONEOS_DEPLOYMENT_TARGET = 9.3;
				MTL_ENABLE_DEBUG_INFO = NO;
				SDKROOT = iphoneos;
				TARGETED_DEVICE_FAMILY = "1,2";
				VALIDATE_PRODUCT = YES;
			};
			name = Release;
		};
		486449E11CEE5566007DC46C /* Debug */ = {
			isa = XCBuildConfiguration;
			buildSettings = {
				ASSETCATALOG_COMPILER_APPICON_NAME = AppIcon;
				INFOPLIST_FILE = Facebook/Info.plist;
				LD_RUNPATH_SEARCH_PATHS = "$(inherited) @executable_path/Frameworks";
				PRODUCT_BUNDLE_IDENTIFIER = com.chenlopark.ProtoFacebook;
				PRODUCT_NAME = ProtoFacebook;
			};
			name = Debug;
		};
		486449E21CEE5566007DC46C /* Release */ = {
			isa = XCBuildConfiguration;
			buildSettings = {
				ASSETCATALOG_COMPILER_APPICON_NAME = AppIcon;
				INFOPLIST_FILE = Facebook/Info.plist;
				LD_RUNPATH_SEARCH_PATHS = "$(inherited) @executable_path/Frameworks";
				PRODUCT_BUNDLE_IDENTIFIER = com.chenlopark.ProtoFacebook;
				PRODUCT_NAME = ProtoFacebook;
			};
			name = Release;
		};
		486449E41CEE5566007DC46C /* Debug */ = {
			isa = XCBuildConfiguration;
			buildSettings = {
				BUNDLE_LOADER = "$(TEST_HOST)";
				INFOPLIST_FILE = FacebookTests/Info.plist;
				LD_RUNPATH_SEARCH_PATHS = "$(inherited) @executable_path/Frameworks @loader_path/Frameworks";
				PRODUCT_BUNDLE_IDENTIFIER = friedland.FacebookTests;
				PRODUCT_NAME = ProtoFacebook;
				TEST_HOST = "$(BUILT_PRODUCTS_DIR)/ProtoFacebook.app/ProtoFacebook";
			};
			name = Debug;
		};
		486449E51CEE5566007DC46C /* Release */ = {
			isa = XCBuildConfiguration;
			buildSettings = {
				BUNDLE_LOADER = "$(TEST_HOST)";
				INFOPLIST_FILE = FacebookTests/Info.plist;
				LD_RUNPATH_SEARCH_PATHS = "$(inherited) @executable_path/Frameworks @loader_path/Frameworks";
				PRODUCT_BUNDLE_IDENTIFIER = friedland.FacebookTests;
				PRODUCT_NAME = ProtoFacebook;
				TEST_HOST = "$(BUILT_PRODUCTS_DIR)/ProtoFacebook.app/ProtoFacebook";
			};
			name = Release;
		};
		486449E71CEE5566007DC46C /* Debug */ = {
			isa = XCBuildConfiguration;
			buildSettings = {
				INFOPLIST_FILE = FacebookUITests/Info.plist;
				LD_RUNPATH_SEARCH_PATHS = "$(inherited) @executable_path/Frameworks @loader_path/Frameworks";
				PRODUCT_BUNDLE_IDENTIFIER = friedland.FacebookUITests;
				PRODUCT_NAME = ProtoFacebook;
				TEST_TARGET_NAME = Facebook;
			};
			name = Debug;
		};
		486449E81CEE5566007DC46C /* Release */ = {
			isa = XCBuildConfiguration;
			buildSettings = {
				INFOPLIST_FILE = FacebookUITests/Info.plist;
				LD_RUNPATH_SEARCH_PATHS = "$(inherited) @executable_path/Frameworks @loader_path/Frameworks";
				PRODUCT_BUNDLE_IDENTIFIER = friedland.FacebookUITests;
				PRODUCT_NAME = ProtoFacebook;
				TEST_TARGET_NAME = Facebook;
			};
			name = Release;
		};
/* End XCBuildConfiguration section */

/* Begin XCConfigurationList section */
		486449B31CEE5566007DC46C /* Build configuration list for PBXProject "ProtoFacebook" */ = {
			isa = XCConfigurationList;
			buildConfigurations = (
				486449DE1CEE5566007DC46C /* Debug */,
				486449DF1CEE5566007DC46C /* Release */,
			);
			defaultConfigurationIsVisible = 0;
			defaultConfigurationName = Release;
		};
		486449E01CEE5566007DC46C /* Build configuration list for PBXNativeTarget "ProtoFacebook" */ = {
			isa = XCConfigurationList;
			buildConfigurations = (
				486449E11CEE5566007DC46C /* Debug */,
				486449E21CEE5566007DC46C /* Release */,
			);
			defaultConfigurationIsVisible = 0;
			defaultConfigurationName = Release;
		};
		486449E31CEE5566007DC46C /* Build configuration list for PBXNativeTarget "ProtoFacebookTests" */ = {
			isa = XCConfigurationList;
			buildConfigurations = (
				486449E41CEE5566007DC46C /* Debug */,
				486449E51CEE5566007DC46C /* Release */,
			);
			defaultConfigurationIsVisible = 0;
			defaultConfigurationName = Release;
		};
		486449E61CEE5566007DC46C /* Build configuration list for PBXNativeTarget "ProtoFacebookUITests" */ = {
			isa = XCConfigurationList;
			buildConfigurations = (
				486449E71CEE5566007DC46C /* Debug */,
				486449E81CEE5566007DC46C /* Release */,
			);
			defaultConfigurationIsVisible = 0;
			defaultConfigurationName = Release;
		};
/* End XCConfigurationList section */
	};
	rootObject = 486449B01CEE5566007DC46C /* Project object */;
}
